
Microsoft Visual Studio Solution File, Format Version 12.00
# Visual Studio 15
VisualStudioVersion = 15.0.28307.852
MinimumVisualStudioVersion = 10.0.40219.1
Project("{FAE04EC0-301F-11D3-BF4B-00C04F79EFBC}") = "customer_test", "customer_test\customer_test.csproj", "{47026467-3CBF-4DB4-AF1E-0928CE82F8F2}"
EndProject
Global
	GlobalSection(SolutionConfigurationPlatforms) = preSolution
		Debug|Any CPU = Debug|Any CPU
		Release|Any CPU = Release|Any CPU
	EndGlobalSection
	GlobalSection(ProjectConfigurationPlatforms) = postSolution
		{47026467-3CBF-4DB4-AF1E-0928CE82F8F2}.Debug|Any CPU.ActiveCfg = Debug|Any CPU
		{47026467-3CBF-4DB4-AF1E-0928CE82F8F2}.Debug|Any CPU.Build.0 = Debug|Any CPU
		{47026467-3CBF-4DB4-AF1E-0928CE82F8F2}.Release|Any CPU.ActiveCfg = Release|Any CPU
		{47026467-3CBF-4DB4-AF1E-0928CE82F8F2}.Release|Any CPU.Build.0 = Release|Any CPU
	EndGlobalSection
	GlobalSection(SolutionProperties) = preSolution
		HideSolutionNode = FALSE
	EndGlobalSection
	GlobalSection(ExtensibilityGlobals) = postSolution
		SolutionGuid = {31A34888-065C-427E-A7A0-AD10DB77FE51}
	EndGlobalSection
EndGlobal
