
Microsoft Visual Studio Solution File, Format Version 12.00
# Visual Studio 15
VisualStudioVersion = 15.0.28307.852
MinimumVisualStudioVersion = 10.0.40219.1
Project("{FAE04EC0-301F-11D3-BF4B-00C04F79EFBC}") = "ConsoleApp1", "ConsoleApp1\ConsoleApp1.csproj", "{52C30B06-500C-46EB-BA9F-8DCD054DFC8E}"
EndProject
Global
	GlobalSection(SolutionConfigurationPlatforms) = preSolution
		Debug|Any CPU = Debug|Any CPU
		Release|Any CPU = Release|Any CPU
	EndGlobalSection
	GlobalSection(ProjectConfigurationPlatforms) = postSolution
		{52C30B06-500C-46EB-BA9F-8DCD054DFC8E}.Debug|Any CPU.ActiveCfg = Debug|Any CPU
		{52C30B06-500C-46EB-BA9F-8DCD054DFC8E}.Debug|Any CPU.Build.0 = Debug|Any CPU
		{52C30B06-500C-46EB-BA9F-8DCD054DFC8E}.Release|Any CPU.ActiveCfg = Release|Any CPU
		{52C30B06-500C-46EB-BA9F-8DCD054DFC8E}.Release|Any CPU.Build.0 = Release|Any CPU
	EndGlobalSection
	GlobalSection(SolutionProperties) = preSolution
		HideSolutionNode = FALSE
	EndGlobalSection
	GlobalSection(ExtensibilityGlobals) = postSolution
		SolutionGuid = {8387E1B1-6466-4FD6-8294-0C2A2DAFDF25}
	EndGlobalSection
EndGlobal
