
Microsoft Visual Studio Solution File, Format Version 12.00
# Visual Studio 15
VisualStudioVersion = 15.0.28307.852
MinimumVisualStudioVersion = 10.0.40219.1
Project("{FAE04EC0-301F-11D3-BF4B-00C04F79EFBC}") = "fakemidterm", "fakemidterm\fakemidterm.csproj", "{23FC9A21-2D2B-439A-8DDB-54E81005C043}"
EndProject
Global
	GlobalSection(SolutionConfigurationPlatforms) = preSolution
		Debug|Any CPU = Debug|Any CPU
		Release|Any CPU = Release|Any CPU
	EndGlobalSection
	GlobalSection(ProjectConfigurationPlatforms) = postSolution
		{23FC9A21-2D2B-439A-8DDB-54E81005C043}.Debug|Any CPU.ActiveCfg = Debug|Any CPU
		{23FC9A21-2D2B-439A-8DDB-54E81005C043}.Debug|Any CPU.Build.0 = Debug|Any CPU
		{23FC9A21-2D2B-439A-8DDB-54E81005C043}.Release|Any CPU.ActiveCfg = Release|Any CPU
		{23FC9A21-2D2B-439A-8DDB-54E81005C043}.Release|Any CPU.Build.0 = Release|Any CPU
	EndGlobalSection
	GlobalSection(SolutionProperties) = preSolution
		HideSolutionNode = FALSE
	EndGlobalSection
	GlobalSection(ExtensibilityGlobals) = postSolution
		SolutionGuid = {A47A881A-B6E2-42D2-BD25-FAD9F713A642}
	EndGlobalSection
EndGlobal
